[[package]]
name = "atomicwrites"
version = "1.4.0"
description = "Atomic file writes."
category = "dev"
optional = false
python-versions = ">=2.7, !=3.0.*, !=3.1.*, !=3.2.*, !=3.3.*"

[[package]]
name = "attrs"
version = "20.3.0"
description = "Classes Without Boilerplate"
category = "main"
optional = false
python-versions = ">=2.7, !=3.0.*, !=3.1.*, !=3.2.*, !=3.3.*"

[package.extras]
dev = ["coverage[toml] (>=5.0.2)", "hypothesis", "pympler", "pytest (>=4.3.0)", "six", "zope.interface", "furo", "sphinx", "pre-commit"]
docs = ["furo", "sphinx", "zope.interface"]
tests = ["coverage[toml] (>=5.0.2)", "hypothesis", "pympler", "pytest (>=4.3.0)", "six", "zope.interface"]
tests_no_zope = ["coverage[toml] (>=5.0.2)", "hypothesis", "pympler", "pytest (>=4.3.0)", "six"]

[[package]]
name = "cffi"
version = "1.14.5"
description = "Foreign Function Interface for Python calling C code."
category = "main"
optional = false
python-versions = "*"

[package.dependencies]
pycparser = "*"

[[package]]
name = "colorama"
version = "0.4.4"
description = "Cross-platform colored terminal text."
category = "dev"
optional = false
python-versions = ">=2.7, !=3.0.*, !=3.1.*, !=3.2.*, !=3.3.*, !=3.4.*"

[[package]]
name = "coverage"
version = "5.4"
description = "Code coverage measurement for Python"
category = "dev"
optional = false
python-versions = ">=2.7, !=3.0.*, !=3.1.*, !=3.2.*, !=3.3.*, !=3.4.*, <4"

[package.extras]
toml = ["toml"]

[[package]]
name = "crowsetta"
version = "3.1.0"
description = "A tool to work with any format for annotating vocalizations"
category = "main"
optional = false
python-versions = ">=3.6.0"

[package.dependencies]
attrs = "*"
evfuncs = "*"
koumura = "*"
numpy = "*"
scipy = "*"
soundfile = "*"

[package.extras]
dev = ["coverage", "jupyterlab"]
docs = ["sphinx", "ipython"]

[[package]]
name = "evfuncs"
version = "0.3.1"
description = "Functions for working with files created by the EvTAF program and the evsonganaly GUI"
category = "main"
optional = false
python-versions = ">=3.6,<4.0"

[package.dependencies]
numpy = ">=1.19.5,<2.0.0"
scipy = ">=1.2.0"

[[package]]
name = "importlib-metadata"
version = "3.4.0"
description = "Read metadata from Python packages"
category = "dev"
optional = false
python-versions = ">=3.6"

[package.dependencies]
typing-extensions = {version = ">=3.6.4", markers = "python_version < \"3.8\""}
zipp = ">=0.5"

[package.extras]
docs = ["sphinx", "jaraco.packaging (>=8.2)", "rst.linker (>=1.9)"]
testing = ["pytest (>=3.5,!=3.7.3)", "pytest-checkdocs (>=1.2.3)", "pytest-flake8", "pytest-cov", "pytest-enabler", "packaging", "pep517", "pyfakefs", "flufl.flake8", "pytest-black (>=0.3.7)", "pytest-mypy", "importlib-resources (>=1.3)"]

[[package]]
name = "iniconfig"
version = "1.1.1"
description = "iniconfig: brain-dead simple config-ini parsing"
category = "dev"
optional = false
python-versions = "*"

[[package]]
name = "koumura"
version = "0.2.0"
description = "Functions for working with this data repository: https://figshare.com/articles/BirdsongRecognition/3470165"
category = "main"
optional = false
python-versions = ">=3.6,<4.0"

[package.dependencies]
numpy = ">=1.19.5,<2.0.0"

[[package]]
name = "numpy"
version = "1.20.1"
description = "NumPy is the fundamental package for array computing with Python."
category = "main"
optional = false
python-versions = ">=3.7"

[[package]]
name = "packaging"
version = "20.9"
description = "Core utilities for Python packages"
category = "dev"
optional = false
python-versions = ">=2.7, !=3.0.*, !=3.1.*, !=3.2.*, !=3.3.*"

[package.dependencies]
pyparsing = ">=2.0.2"

[[package]]
name = "pandas"
version = "1.2.2"
description = "Powerful data structures for data analysis, time series, and statistics"
category = "main"
optional = false
python-versions = ">=3.7.1"

[package.dependencies]
numpy = ">=1.16.5"
python-dateutil = ">=2.7.3"
pytz = ">=2017.3"

[package.extras]
test = ["pytest (>=5.0.1)", "pytest-xdist", "hypothesis (>=3.58)"]

[[package]]
name = "pluggy"
version = "0.13.1"
description = "plugin and hook calling mechanisms for python"
category = "dev"
optional = false
python-versions = ">=2.7, !=3.0.*, !=3.1.*, !=3.2.*, !=3.3.*"

[package.dependencies]
importlib-metadata = {version = ">=0.12", markers = "python_version < \"3.8\""}

[package.extras]
dev = ["pre-commit", "tox"]

[[package]]
name = "py"
version = "1.10.0"
description = "library with cross-python path, ini-parsing, io, code, log facilities"
category = "dev"
optional = false
python-versions = ">=2.7, !=3.0.*, !=3.1.*, !=3.2.*, !=3.3.*"

[[package]]
name = "pycparser"
version = "2.20"
description = "C parser in Python"
category = "main"
optional = false
python-versions = ">=2.7, !=3.0.*, !=3.1.*, !=3.2.*, !=3.3.*"

[[package]]
name = "pyparsing"
version = "2.4.7"
description = "Python parsing module"
category = "dev"
optional = false
python-versions = ">=2.6, !=3.0.*, !=3.1.*, !=3.2.*"

[[package]]
name = "pytest"
version = "6.2.2"
description = "pytest: simple powerful testing with Python"
category = "dev"
optional = false
python-versions = ">=3.6"

[package.dependencies]
atomicwrites = {version = ">=1.0", markers = "sys_platform == \"win32\""}
attrs = ">=19.2.0"
colorama = {version = "*", markers = "sys_platform == \"win32\""}
importlib-metadata = {version = ">=0.12", markers = "python_version < \"3.8\""}
iniconfig = "*"
packaging = "*"
pluggy = ">=0.12,<1.0.0a1"
py = ">=1.8.2"
toml = "*"

[package.extras]
testing = ["argcomplete", "hypothesis (>=3.56)", "mock", "nose", "requests", "xmlschema"]

[[package]]
name = "pytest-cov"
version = "2.11.1"
description = "Pytest plugin for measuring coverage."
category = "dev"
optional = false
python-versions = ">=2.7, !=3.0.*, !=3.1.*, !=3.2.*, !=3.3.*, !=3.4.*"

[package.dependencies]
coverage = ">=5.2.1"
pytest = ">=4.6"

[package.extras]
testing = ["fields", "hunter", "process-tests (==2.0.2)", "six", "pytest-xdist", "virtualenv"]

[[package]]
name = "python-dateutil"
version = "2.8.1"
description = "Extensions to the standard Python datetime module"
category = "main"
optional = false
python-versions = "!=3.0.*,!=3.1.*,!=3.2.*,>=2.7"

[package.dependencies]
six = ">=1.5"

[[package]]
name = "pytz"
version = "2021.1"
description = "World timezone definitions, modern and historical"
category = "main"
optional = false
python-versions = "*"

[[package]]
name = "scipy"
version = "1.6.1"
description = "SciPy: Scientific Library for Python"
category = "main"
optional = false
python-versions = ">=3.7"

[package.dependencies]
numpy = ">=1.16.5"

[[package]]
name = "six"
version = "1.15.0"
description = "Python 2 and 3 compatibility utilities"
category = "main"
optional = false
python-versions = ">=2.7, !=3.0.*, !=3.1.*, !=3.2.*"

[[package]]
name = "soundfile"
version = "0.10.3.post1"
description = "An audio library based on libsndfile, CFFI and NumPy"
category = "main"
optional = false
python-versions = "*"

[package.dependencies]
cffi = ">=1.0"

[package.extras]
numpy = ["numpy"]

[[package]]
name = "toml"
version = "0.10.2"
description = "Python Library for Tom's Obvious, Minimal Language"
category = "dev"
optional = false
python-versions = ">=2.6, !=3.0.*, !=3.1.*, !=3.2.*"

[[package]]
name = "typing-extensions"
version = "3.7.4.3"
description = "Backported and Experimental Type Hints for Python 3.5+"
category = "dev"
optional = false
python-versions = "*"

[[package]]
name = "zipp"
version = "3.4.0"
description = "Backport of pathlib-compatible object wrapper for zip files"
category = "dev"
optional = false
python-versions = ">=3.6"

[package.extras]
docs = ["sphinx", "jaraco.packaging (>=3.2)", "rst.linker (>=1.9)"]
testing = ["pytest (>=3.5,!=3.7.3)", "pytest-checkdocs (>=1.2.3)", "pytest-flake8", "pytest-cov", "jaraco.test (>=3.2.0)", "jaraco.itertools", "func-timeout", "pytest-black (>=0.3.7)", "pytest-mypy"]

[metadata]
lock-version = "1.1"
python-versions = "^3.7.1"
content-hash = "c60bf6b804b3a415ac6140f17ec784b4b6006645a2afe49ae672b7424fc0badf"

[metadata.files]
atomicwrites = [
    {file = "atomicwrites-1.4.0-py2.py3-none-any.whl", hash = "sha256:6d1784dea7c0c8d4a5172b6c620f40b6e4cbfdf96d783691f2e1302a7b88e197"},
    {file = "atomicwrites-1.4.0.tar.gz", hash = "sha256:ae70396ad1a434f9c7046fd2dd196fc04b12f9e91ffb859164193be8b6168a7a"},
]
attrs = [
    {file = "attrs-20.3.0-py2.py3-none-any.whl", hash = "sha256:31b2eced602aa8423c2aea9c76a724617ed67cf9513173fd3a4f03e3a929c7e6"},
    {file = "attrs-20.3.0.tar.gz", hash = "sha256:832aa3cde19744e49938b91fea06d69ecb9e649c93ba974535d08ad92164f700"},
]
cffi = [
    {file = "cffi-1.14.5-cp27-cp27m-macosx_10_9_x86_64.whl", hash = "sha256:bb89f306e5da99f4d922728ddcd6f7fcebb3241fc40edebcb7284d7514741991"},
    {file = "cffi-1.14.5-cp27-cp27m-manylinux1_i686.whl", hash = "sha256:34eff4b97f3d982fb93e2831e6750127d1355a923ebaeeb565407b3d2f8d41a1"},
    {file = "cffi-1.14.5-cp27-cp27m-manylinux1_x86_64.whl", hash = "sha256:99cd03ae7988a93dd00bcd9d0b75e1f6c426063d6f03d2f90b89e29b25b82dfa"},
    {file = "cffi-1.14.5-cp27-cp27m-win32.whl", hash = "sha256:65fa59693c62cf06e45ddbb822165394a288edce9e276647f0046e1ec26920f3"},
    {file = "cffi-1.14.5-cp27-cp27m-win_amd64.whl", hash = "sha256:51182f8927c5af975fece87b1b369f722c570fe169f9880764b1ee3bca8347b5"},
    {file = "cffi-1.14.5-cp27-cp27mu-manylinux1_i686.whl", hash = "sha256:43e0b9d9e2c9e5d152946b9c5fe062c151614b262fda2e7b201204de0b99e482"},
    {file = "cffi-1.14.5-cp27-cp27mu-manylinux1_x86_64.whl", hash = "sha256:cbde590d4faaa07c72bf979734738f328d239913ba3e043b1e98fe9a39f8b2b6"},
    {file = "cffi-1.14.5-cp35-cp35m-macosx_10_9_x86_64.whl", hash = "sha256:5de7970188bb46b7bf9858eb6890aad302577a5f6f75091fd7cdd3ef13ef3045"},
    {file = "cffi-1.14.5-cp35-cp35m-manylinux1_i686.whl", hash = "sha256:a465da611f6fa124963b91bf432d960a555563efe4ed1cc403ba5077b15370aa"},
    {file = "cffi-1.14.5-cp35-cp35m-manylinux1_x86_64.whl", hash = "sha256:d42b11d692e11b6634f7613ad8df5d6d5f8875f5d48939520d351007b3c13406"},
    {file = "cffi-1.14.5-cp35-cp35m-win32.whl", hash = "sha256:72d8d3ef52c208ee1c7b2e341f7d71c6fd3157138abf1a95166e6165dd5d4369"},
    {file = "cffi-1.14.5-cp35-cp35m-win_amd64.whl", hash = "sha256:29314480e958fd8aab22e4a58b355b629c59bf5f2ac2492b61e3dc06d8c7a315"},
    {file = "cffi-1.14.5-cp36-cp36m-macosx_10_9_x86_64.whl", hash = "sha256:3d3dd4c9e559eb172ecf00a2a7517e97d1e96de2a5e610bd9b68cea3925b4892"},
    {file = "cffi-1.14.5-cp36-cp36m-manylinux1_i686.whl", hash = "sha256:48e1c69bbacfc3d932221851b39d49e81567a4d4aac3b21258d9c24578280058"},
    {file = "cffi-1.14.5-cp36-cp36m-manylinux1_x86_64.whl", hash = "sha256:69e395c24fc60aad6bb4fa7e583698ea6cc684648e1ffb7fe85e3c1ca131a7d5"},
    {file = "cffi-1.14.5-cp36-cp36m-manylinux2014_aarch64.whl", hash = "sha256:9e93e79c2551ff263400e1e4be085a1210e12073a31c2011dbbda14bda0c6132"},
    {file = "cffi-1.14.5-cp36-cp36m-win32.whl", hash = "sha256:58e3f59d583d413809d60779492342801d6e82fefb89c86a38e040c16883be53"},
    {file = "cffi-1.14.5-cp36-cp36m-win_amd64.whl", hash = "sha256:005a36f41773e148deac64b08f233873a4d0c18b053d37da83f6af4d9087b813"},
    {file = "cffi-1.14.5-cp37-cp37m-macosx_10_9_x86_64.whl", hash = "sha256:2894f2df484ff56d717bead0a5c2abb6b9d2bf26d6960c4604d5c48bbc30ee73"},
    {file = "cffi-1.14.5-cp37-cp37m-manylinux1_i686.whl", hash = "sha256:0857f0ae312d855239a55c81ef453ee8fd24136eaba8e87a2eceba644c0d4c06"},
    {file = "cffi-1.14.5-cp37-cp37m-manylinux1_x86_64.whl", hash = "sha256:cd2868886d547469123fadc46eac7ea5253ea7fcb139f12e1dfc2bbd406427d1"},
    {file = "cffi-1.14.5-cp37-cp37m-manylinux2014_aarch64.whl", hash = "sha256:35f27e6eb43380fa080dccf676dece30bef72e4a67617ffda586641cd4508d49"},
    {file = "cffi-1.14.5-cp37-cp37m-win32.whl", hash = "sha256:9ff227395193126d82e60319a673a037d5de84633f11279e336f9c0f189ecc62"},
    {file = "cffi-1.14.5-cp37-cp37m-win_amd64.whl", hash = "sha256:9cf8022fb8d07a97c178b02327b284521c7708d7c71a9c9c355c178ac4bbd3d4"},
    {file = "cffi-1.14.5-cp38-cp38-macosx_10_9_x86_64.whl", hash = "sha256:8b198cec6c72df5289c05b05b8b0969819783f9418e0409865dac47288d2a053"},
    {file = "cffi-1.14.5-cp38-cp38-manylinux1_i686.whl", hash = "sha256:ad17025d226ee5beec591b52800c11680fca3df50b8b29fe51d882576e039ee0"},
    {file = "cffi-1.14.5-cp38-cp38-manylinux1_x86_64.whl", hash = "sha256:6c97d7350133666fbb5cf4abdc1178c812cb205dc6f41d174a7b0f18fb93337e"},
    {file = "cffi-1.14.5-cp38-cp38-manylinux2014_aarch64.whl", hash = "sha256:8ae6299f6c68de06f136f1f9e69458eae58f1dacf10af5c17353eae03aa0d827"},
    {file = "cffi-1.14.5-cp38-cp38-win32.whl", hash = "sha256:b85eb46a81787c50650f2392b9b4ef23e1f126313b9e0e9013b35c15e4288e2e"},
    {file = "cffi-1.14.5-cp38-cp38-win_amd64.whl", hash = "sha256:1f436816fc868b098b0d63b8920de7d208c90a67212546d02f84fe78a9c26396"},
    {file = "cffi-1.14.5-cp39-cp39-macosx_10_9_x86_64.whl", hash = "sha256:1071534bbbf8cbb31b498d5d9db0f274f2f7a865adca4ae429e147ba40f73dea"},
    {file = "cffi-1.14.5-cp39-cp39-manylinux1_i686.whl", hash = "sha256:9de2e279153a443c656f2defd67769e6d1e4163952b3c622dcea5b08a6405322"},
    {file = "cffi-1.14.5-cp39-cp39-manylinux1_x86_64.whl", hash = "sha256:6e4714cc64f474e4d6e37cfff31a814b509a35cb17de4fb1999907575684479c"},
    {file = "cffi-1.14.5-cp39-cp39-manylinux2014_aarch64.whl", hash = "sha256:158d0d15119b4b7ff6b926536763dc0714313aa59e320ddf787502c70c4d4bee"},
    {file = "cffi-1.14.5-cp39-cp39-win32.whl", hash = "sha256:afb29c1ba2e5a3736f1c301d9d0abe3ec8b86957d04ddfa9d7a6a42b9367e396"},
    {file = "cffi-1.14.5-cp39-cp39-win_amd64.whl", hash = "sha256:f2d45f97ab6bb54753eab54fffe75aaf3de4ff2341c9daee1987ee1837636f1d"},
    {file = "cffi-1.14.5.tar.gz", hash = "sha256:fd78e5fee591709f32ef6edb9a015b4aa1a5022598e36227500c8f4e02328d9c"},
]
colorama = [
    {file = "colorama-0.4.4-py2.py3-none-any.whl", hash = "sha256:9f47eda37229f68eee03b24b9748937c7dc3868f906e8ba69fbcbdd3bc5dc3e2"},
    {file = "colorama-0.4.4.tar.gz", hash = "sha256:5941b2b48a20143d2267e95b1c2a7603ce057ee39fd88e7329b0c292aa16869b"},
]
coverage = [
    {file = "coverage-5.4-cp27-cp27m-macosx_10_9_x86_64.whl", hash = "sha256:6d9c88b787638a451f41f97446a1c9fd416e669b4d9717ae4615bd29de1ac135"},
    {file = "coverage-5.4-cp27-cp27m-manylinux1_i686.whl", hash = "sha256:66a5aae8233d766a877c5ef293ec5ab9520929c2578fd2069308a98b7374ea8c"},
    {file = "coverage-5.4-cp27-cp27m-manylinux1_x86_64.whl", hash = "sha256:9754a5c265f991317de2bac0c70a746efc2b695cf4d49f5d2cddeac36544fb44"},
    {file = "coverage-5.4-cp27-cp27m-manylinux2010_i686.whl", hash = "sha256:fbb17c0d0822684b7d6c09915677a32319f16ff1115df5ec05bdcaaee40b35f3"},
    {file = "coverage-5.4-cp27-cp27m-manylinux2010_x86_64.whl", hash = "sha256:b7f7421841f8db443855d2854e25914a79a1ff48ae92f70d0a5c2f8907ab98c9"},
    {file = "coverage-5.4-cp27-cp27m-win32.whl", hash = "sha256:4a780807e80479f281d47ee4af2eb2df3e4ccf4723484f77da0bb49d027e40a1"},
    {file = "coverage-5.4-cp27-cp27m-win_amd64.whl", hash = "sha256:87c4b38288f71acd2106f5d94f575bc2136ea2887fdb5dfe18003c881fa6b370"},
    {file = "coverage-5.4-cp27-cp27mu-manylinux1_i686.whl", hash = "sha256:c6809ebcbf6c1049002b9ac09c127ae43929042ec1f1dbd8bb1615f7cd9f70a0"},
    {file = "coverage-5.4-cp27-cp27mu-manylinux1_x86_64.whl", hash = "sha256:ba7ca81b6d60a9f7a0b4b4e175dcc38e8fef4992673d9d6e6879fd6de00dd9b8"},
    {file = "coverage-5.4-cp27-cp27mu-manylinux2010_i686.whl", hash = "sha256:89fc12c6371bf963809abc46cced4a01ca4f99cba17be5e7d416ed7ef1245d19"},
    {file = "coverage-5.4-cp27-cp27mu-manylinux2010_x86_64.whl", hash = "sha256:4a8eb7785bd23565b542b01fb39115a975fefb4a82f23d407503eee2c0106247"},
    {file = "coverage-5.4-cp35-cp35m-macosx_10_9_x86_64.whl", hash = "sha256:7e40d3f8eb472c1509b12ac2a7e24158ec352fc8567b77ab02c0db053927e339"},
    {file = "coverage-5.4-cp35-cp35m-manylinux1_i686.whl", hash = "sha256:1ccae21a076d3d5f471700f6d30eb486da1626c380b23c70ae32ab823e453337"},
    {file = "coverage-5.4-cp35-cp35m-manylinux1_x86_64.whl", hash = "sha256:755c56beeacac6a24c8e1074f89f34f4373abce8b662470d3aa719ae304931f3"},
    {file = "coverage-5.4-cp35-cp35m-manylinux2010_i686.whl", hash = "sha256:322549b880b2d746a7672bf6ff9ed3f895e9c9f108b714e7360292aa5c5d7cf4"},
    {file = "coverage-5.4-cp35-cp35m-manylinux2010_x86_64.whl", hash = "sha256:60a3307a84ec60578accd35d7f0c71a3a971430ed7eca6567399d2b50ef37b8c"},
    {file = "coverage-5.4-cp35-cp35m-win32.whl", hash = "sha256:1375bb8b88cb050a2d4e0da901001347a44302aeadb8ceb4b6e5aa373b8ea68f"},
    {file = "coverage-5.4-cp35-cp35m-win_amd64.whl", hash = "sha256:16baa799ec09cc0dcb43a10680573269d407c159325972dd7114ee7649e56c66"},
    {file = "coverage-5.4-cp36-cp36m-macosx_10_9_x86_64.whl", hash = "sha256:2f2cf7a42d4b7654c9a67b9d091ec24374f7c58794858bff632a2039cb15984d"},
    {file = "coverage-5.4-cp36-cp36m-manylinux1_i686.whl", hash = "sha256:b62046592b44263fa7570f1117d372ae3f310222af1fc1407416f037fb3af21b"},
    {file = "coverage-5.4-cp36-cp36m-manylinux1_x86_64.whl", hash = "sha256:812eaf4939ef2284d29653bcfee9665f11f013724f07258928f849a2306ea9f9"},
    {file = "coverage-5.4-cp36-cp36m-manylinux2010_i686.whl", hash = "sha256:859f0add98707b182b4867359e12bde806b82483fb12a9ae868a77880fc3b7af"},
    {file = "coverage-5.4-cp36-cp36m-manylinux2010_x86_64.whl", hash = "sha256:04b14e45d6a8e159c9767ae57ecb34563ad93440fc1b26516a89ceb5b33c1ad5"},
    {file = "coverage-5.4-cp36-cp36m-win32.whl", hash = "sha256:ebfa374067af240d079ef97b8064478f3bf71038b78b017eb6ec93ede1b6bcec"},
    {file = "coverage-5.4-cp36-cp36m-win_amd64.whl", hash = "sha256:84df004223fd0550d0ea7a37882e5c889f3c6d45535c639ce9802293b39cd5c9"},
    {file = "coverage-5.4-cp37-cp37m-macosx_10_9_x86_64.whl", hash = "sha256:1b811662ecf72eb2d08872731636aee6559cae21862c36f74703be727b45df90"},
    {file = "coverage-5.4-cp37-cp37m-manylinux1_i686.whl", hash = "sha256:6b588b5cf51dc0fd1c9e19f622457cc74b7d26fe295432e434525f1c0fae02bc"},
    {file = "coverage-5.4-cp37-cp37m-manylinux1_x86_64.whl", hash = "sha256:3fe50f1cac369b02d34ad904dfe0771acc483f82a1b54c5e93632916ba847b37"},
    {file = "coverage-5.4-cp37-cp37m-manylinux2010_i686.whl", hash = "sha256:32ab83016c24c5cf3db2943286b85b0a172dae08c58d0f53875235219b676409"},
    {file = "coverage-5.4-cp37-cp37m-manylinux2010_x86_64.whl", hash = "sha256:68fb816a5dd901c6aff352ce49e2a0ffadacdf9b6fae282a69e7a16a02dad5fb"},
    {file = "coverage-5.4-cp37-cp37m-win32.whl", hash = "sha256:a636160680c6e526b84f85d304e2f0bb4e94f8284dd765a1911de9a40450b10a"},
    {file = "coverage-5.4-cp37-cp37m-win_amd64.whl", hash = "sha256:bb32ca14b4d04e172c541c69eec5f385f9a075b38fb22d765d8b0ce3af3a0c22"},
    {file = "coverage-5.4-cp38-cp38-macosx_10_9_x86_64.whl", hash = "sha256:6c4d7165a4e8f41eca6b990c12ee7f44fef3932fac48ca32cecb3a1b2223c21f"},
    {file = "coverage-5.4-cp38-cp38-manylinux1_i686.whl", hash = "sha256:a565f48c4aae72d1d3d3f8e8fb7218f5609c964e9c6f68604608e5958b9c60c3"},
    {file = "coverage-5.4-cp38-cp38-manylinux1_x86_64.whl", hash = "sha256:fff1f3a586246110f34dc762098b5afd2de88de507559e63553d7da643053786"},
    {file = "coverage-5.4-cp38-cp38-manylinux2010_i686.whl", hash = "sha256:a839e25f07e428a87d17d857d9935dd743130e77ff46524abb992b962eb2076c"},
    {file = "coverage-5.4-cp38-cp38-manylinux2010_x86_64.whl", hash = "sha256:6625e52b6f346a283c3d563d1fd8bae8956daafc64bb5bbd2b8f8a07608e3994"},
    {file = "coverage-5.4-cp38-cp38-win32.whl", hash = "sha256:5bee3970617b3d74759b2d2df2f6a327d372f9732f9ccbf03fa591b5f7581e39"},
    {file = "coverage-5.4-cp38-cp38-win_amd64.whl", hash = "sha256:03ed2a641e412e42cc35c244508cf186015c217f0e4d496bf6d7078ebe837ae7"},
    {file = "coverage-5.4-cp39-cp39-macosx_10_9_x86_64.whl", hash = "sha256:14a9f1887591684fb59fdba8feef7123a0da2424b0652e1b58dd5b9a7bb1188c"},
    {file = "coverage-5.4-cp39-cp39-manylinux1_i686.whl", hash = "sha256:9564ac7eb1652c3701ac691ca72934dd3009997c81266807aef924012df2f4b3"},
    {file = "coverage-5.4-cp39-cp39-manylinux1_x86_64.whl", hash = "sha256:0f48fc7dc82ee14aeaedb986e175a429d24129b7eada1b7e94a864e4f0644dde"},
    {file = "coverage-5.4-cp39-cp39-manylinux2010_i686.whl", hash = "sha256:107d327071061fd4f4a2587d14c389a27e4e5c93c7cba5f1f59987181903902f"},
    {file = "coverage-5.4-cp39-cp39-manylinux2010_x86_64.whl", hash = "sha256:0cdde51bfcf6b6bd862ee9be324521ec619b20590787d1655d005c3fb175005f"},
    {file = "coverage-5.4-cp39-cp39-win32.whl", hash = "sha256:c67734cff78383a1f23ceba3b3239c7deefc62ac2b05fa6a47bcd565771e5880"},
    {file = "coverage-5.4-cp39-cp39-win_amd64.whl", hash = "sha256:c669b440ce46ae3abe9b2d44a913b5fd86bb19eb14a8701e88e3918902ecd345"},
    {file = "coverage-5.4-pp36-none-any.whl", hash = "sha256:c0ff1c1b4d13e2240821ef23c1efb1f009207cb3f56e16986f713c2b0e7cd37f"},
    {file = "coverage-5.4-pp37-none-any.whl", hash = "sha256:cd601187476c6bed26a0398353212684c427e10a903aeafa6da40c63309d438b"},
    {file = "coverage-5.4.tar.gz", hash = "sha256:6d2e262e5e8da6fa56e774fb8e2643417351427604c2b177f8e8c5f75fc928ca"},
]
crowsetta = [
    {file = "crowsetta-3.1.0-py3-none-any.whl", hash = "sha256:24b4dc21d98dfad60cdadd87a38f9912fd0609a3eea326813a8830c79aa917c0"},
    {file = "crowsetta-3.1.0.tar.gz", hash = "sha256:1479d8160d504faa14c1446768ea47e632e493e05cfdec6c59864ba880080bc8"},
]
evfuncs = [
    {file = "evfuncs-0.3.1-py3-none-any.whl", hash = "sha256:409224b69c35eb5dffc1eedc9db1b9a08fed833d9186c7dc38c98cddf5b0697b"},
    {file = "evfuncs-0.3.1.tar.gz", hash = "sha256:9321b76b6b65dd38df294dc33ff95c44e1a0fe0b56c240d8b63ced5fc6440b46"},
]
importlib-metadata = [
    {file = "importlib_metadata-3.4.0-py3-none-any.whl", hash = "sha256:ace61d5fc652dc280e7b6b4ff732a9c2d40db2c0f92bc6cb74e07b73d53a1771"},
    {file = "importlib_metadata-3.4.0.tar.gz", hash = "sha256:fa5daa4477a7414ae34e95942e4dd07f62adf589143c875c133c1e53c4eff38d"},
]
iniconfig = [
    {file = "iniconfig-1.1.1-py2.py3-none-any.whl", hash = "sha256:011e24c64b7f47f6ebd835bb12a743f2fbe9a26d4cecaa7f53bc4f35ee9da8b3"},
    {file = "iniconfig-1.1.1.tar.gz", hash = "sha256:bc3af051d7d14b2ee5ef9969666def0cd1a000e121eaea580d4a313df4b37f32"},
]
koumura = [
    {file = "koumura-0.2.0-py3-none-any.whl", hash = "sha256:677e75a821b3f2bdacc3383eeb82c244e752cee20bf73e33c7e14c09dcbcb304"},
    {file = "koumura-0.2.0.tar.gz", hash = "sha256:0149d5b5c5209f9c611837053f3d8c67fef976dd7e92d5433c4fb5477fc79ac4"},
]
numpy = [
    {file = "numpy-1.20.1-cp37-cp37m-macosx_10_9_x86_64.whl", hash = "sha256:ae61f02b84a0211abb56462a3b6cd1e7ec39d466d3160eb4e1da8bf6717cdbeb"},
    {file = "numpy-1.20.1-cp37-cp37m-manylinux1_i686.whl", hash = "sha256:65410c7f4398a0047eea5cca9b74009ea61178efd78d1be9847fac1d6716ec1e"},
    {file = "numpy-1.20.1-cp37-cp37m-manylinux1_x86_64.whl", hash = "sha256:2d7e27442599104ee08f4faed56bb87c55f8b10a5494ac2ead5c98a4b289e61f"},
    {file = "numpy-1.20.1-cp37-cp37m-manylinux2010_i686.whl", hash = "sha256:4ed8e96dc146e12c1c5cdd6fb9fd0757f2ba66048bf94c5126b7efebd12d0090"},
    {file = "numpy-1.20.1-cp37-cp37m-manylinux2010_x86_64.whl", hash = "sha256:ecb5b74c702358cdc21268ff4c37f7466357871f53a30e6f84c686952bef16a9"},
    {file = "numpy-1.20.1-cp37-cp37m-manylinux2014_aarch64.whl", hash = "sha256:b9410c0b6fed4a22554f072a86c361e417f0258838957b78bd063bde2c7f841f"},
    {file = "numpy-1.20.1-cp37-cp37m-win32.whl", hash = "sha256:3d3087e24e354c18fb35c454026af3ed8997cfd4997765266897c68d724e4845"},
    {file = "numpy-1.20.1-cp37-cp37m-win_amd64.whl", hash = "sha256:89f937b13b8dd17b0099c7c2e22066883c86ca1575a975f754babc8fbf8d69a9"},
    {file = "numpy-1.20.1-cp38-cp38-macosx_10_9_x86_64.whl", hash = "sha256:a1d7995d1023335e67fb070b2fae6f5968f5be3802b15ad6d79d81ecaa014fe0"},
    {file = "numpy-1.20.1-cp38-cp38-manylinux1_i686.whl", hash = "sha256:60759ab15c94dd0e1ed88241fd4fa3312db4e91d2c8f5a2d4cf3863fad83d65b"},
    {file = "numpy-1.20.1-cp38-cp38-manylinux1_x86_64.whl", hash = "sha256:125a0e10ddd99a874fd357bfa1b636cd58deb78ba4a30b5ddb09f645c3512e04"},
    {file = "numpy-1.20.1-cp38-cp38-manylinux2010_i686.whl", hash = "sha256:c26287dfc888cf1e65181f39ea75e11f42ffc4f4529e5bd19add57ad458996e2"},
    {file = "numpy-1.20.1-cp38-cp38-manylinux2010_x86_64.whl", hash = "sha256:7199109fa46277be503393be9250b983f325880766f847885607d9b13848f257"},
    {file = "numpy-1.20.1-cp38-cp38-manylinux2014_aarch64.whl", hash = "sha256:72251e43ac426ff98ea802a931922c79b8d7596480300eb9f1b1e45e0543571e"},
    {file = "numpy-1.20.1-cp38-cp38-win32.whl", hash = "sha256:c91ec9569facd4757ade0888371eced2ecf49e7982ce5634cc2cf4e7331a4b14"},
    {file = "numpy-1.20.1-cp38-cp38-win_amd64.whl", hash = "sha256:13adf545732bb23a796914fe5f891a12bd74cf3d2986eed7b7eba2941eea1590"},
    {file = "numpy-1.20.1-cp39-cp39-macosx_10_9_x86_64.whl", hash = "sha256:104f5e90b143dbf298361a99ac1af4cf59131218a045ebf4ee5990b83cff5fab"},
    {file = "numpy-1.20.1-cp39-cp39-manylinux2010_i686.whl", hash = "sha256:89e5336f2bec0c726ac7e7cdae181b325a9c0ee24e604704ed830d241c5e47ff"},
    {file = "numpy-1.20.1-cp39-cp39-manylinux2010_x86_64.whl", hash = "sha256:032be656d89bbf786d743fee11d01ef318b0781281241997558fa7950028dd29"},
    {file = "numpy-1.20.1-cp39-cp39-manylinux2014_aarch64.whl", hash = "sha256:66b467adfcf628f66ea4ac6430ded0614f5cc06ba530d09571ea404789064adc"},
    {file = "numpy-1.20.1-cp39-cp39-win32.whl", hash = "sha256:12e4ba5c6420917571f1a5becc9338abbde71dd811ce40b37ba62dec7b39af6d"},
    {file = "numpy-1.20.1-cp39-cp39-win_amd64.whl", hash = "sha256:9c94cab5054bad82a70b2e77741271790304651d584e2cdfe2041488e753863b"},
    {file = "numpy-1.20.1-pp37-pypy37_pp73-manylinux2010_x86_64.whl", hash = "sha256:9eb551d122fadca7774b97db8a112b77231dcccda8e91a5bc99e79890797175e"},
    {file = "numpy-1.20.1.zip", hash = "sha256:3bc63486a870294683980d76ec1e3efc786295ae00128f9ea38e2c6e74d5a60a"},
]
packaging = [
    {file = "packaging-20.9-py2.py3-none-any.whl", hash = "sha256:67714da7f7bc052e064859c05c595155bd1ee9f69f76557e21f051443c20947a"},
    {file = "packaging-20.9.tar.gz", hash = "sha256:5b327ac1320dc863dca72f4514ecc086f31186744b84a230374cc1fd776feae5"},
]
pandas = [
    {file = "pandas-1.2.2-cp37-cp37m-macosx_10_9_x86_64.whl", hash = "sha256:c76a108272a4de63189b8f64086bbaf8348841d7e610b52f50959fbbf401524f"},
    {file = "pandas-1.2.2-cp37-cp37m-manylinux1_i686.whl", hash = "sha256:e61a089151f1ed78682aa77a3bcae0495cf8e585546c26924857d7e8a9960568"},
    {file = "pandas-1.2.2-cp37-cp37m-manylinux1_x86_64.whl", hash = "sha256:fc351cd2df318674669481eb978a7799f24fd14ef26987a1aa75105b0531d1a1"},
    {file = "pandas-1.2.2-cp37-cp37m-win32.whl", hash = "sha256:05ca6bda50123158eb15e716789083ca4c3b874fd47688df1716daa72644ee1c"},
    {file = "pandas-1.2.2-cp37-cp37m-win_amd64.whl", hash = "sha256:08b6bbe74ae2b3e4741a744d2bce35ce0868a6b4189d8b84be26bb334f73da4c"},
    {file = "pandas-1.2.2-cp38-cp38-macosx_10_9_x86_64.whl", hash = "sha256:230de25bd9791748b2638c726a5f37d77a96a83854710110fadd068d1e2c2c9f"},
    {file = "pandas-1.2.2-cp38-cp38-manylinux1_i686.whl", hash = "sha256:a50cf3110a1914442e7b7b9cef394ef6bed0d801b8a34d56f4c4e927bbbcc7d0"},
    {file = "pandas-1.2.2-cp38-cp38-manylinux1_x86_64.whl", hash = "sha256:4d33537a375cfb2db4d388f9a929b6582a364137ea6c6b161b0166440d6ffe36"},
    {file = "pandas-1.2.2-cp38-cp38-manylinux2014_aarch64.whl", hash = "sha256:8ac028cd9a6e1efe43f3dc36f708263838283535cc45430a98b9803f44f4c84b"},
    {file = "pandas-1.2.2-cp38-cp38-win32.whl", hash = "sha256:c43d1beb098a1da15934262009a7120aac8dafa20d042b31dab48c28868eb5a4"},
    {file = "pandas-1.2.2-cp38-cp38-win_amd64.whl", hash = "sha256:69a70d79a791fa1fd5f6e84b8b6dec2ec92369bde4ab2e18d43fc8a1825f51d1"},
    {file = "pandas-1.2.2-cp39-cp39-macosx_10_9_x86_64.whl", hash = "sha256:cbad4155028b8ca66aa19a8b13f593ebbf51bfb6c3f2685fe64f04d695a81864"},
    {file = "pandas-1.2.2-cp39-cp39-manylinux1_i686.whl", hash = "sha256:fbddbb20f30308ba2546193d64e18c23b69f59d48cdef73676cbed803495c8dc"},
    {file = "pandas-1.2.2-cp39-cp39-manylinux1_x86_64.whl", hash = "sha256:214ae60b1f863844e97c87f758c29940ffad96c666257323a4bb2a33c58719c2"},
    {file = "pandas-1.2.2-cp39-cp39-manylinux2014_aarch64.whl", hash = "sha256:26b4919eb3039a686a86cd4f4a74224f8f66e3a419767da26909dcdd3b37c31e"},
    {file = "pandas-1.2.2-cp39-cp39-win32.whl", hash = "sha256:e3c250faaf9979d0ec836d25e420428db37783fa5fed218da49c9fc06f80f51c"},
    {file = "pandas-1.2.2-cp39-cp39-win_amd64.whl", hash = "sha256:e9bbcc7b5c432600797981706f5b54611990c6a86b2e424329c995eea5f9c42b"},
    {file = "pandas-1.2.2.tar.gz", hash = "sha256:14ed84b463e9b84c8ff9308a79b04bf591ae3122a376ee0f62c68a1bd917a773"},
]
pluggy = [
    {file = "pluggy-0.13.1-py2.py3-none-any.whl", hash = "sha256:966c145cd83c96502c3c3868f50408687b38434af77734af1e9ca461a4081d2d"},
    {file = "pluggy-0.13.1.tar.gz", hash = "sha256:15b2acde666561e1298d71b523007ed7364de07029219b604cf808bfa1c765b0"},
]
py = [
    {file = "py-1.10.0-py2.py3-none-any.whl", hash = "sha256:3b80836aa6d1feeaa108e046da6423ab8f6ceda6468545ae8d02d9d58d18818a"},
    {file = "py-1.10.0.tar.gz", hash = "sha256:21b81bda15b66ef5e1a777a21c4dcd9c20ad3efd0b3f817e7a809035269e1bd3"},
]
pycparser = [
    {file = "pycparser-2.20-py2.py3-none-any.whl", hash = "sha256:7582ad22678f0fcd81102833f60ef8d0e57288b6b5fb00323d101be910e35705"},
    {file = "pycparser-2.20.tar.gz", hash = "sha256:2d475327684562c3a96cc71adf7dc8c4f0565175cf86b6d7a404ff4c771f15f0"},
]
pyparsing = [
    {file = "pyparsing-2.4.7-py2.py3-none-any.whl", hash = "sha256:ef9d7589ef3c200abe66653d3f1ab1033c3c419ae9b9bdb1240a85b024efc88b"},
    {file = "pyparsing-2.4.7.tar.gz", hash = "sha256:c203ec8783bf771a155b207279b9bccb8dea02d8f0c9e5f8ead507bc3246ecc1"},
]
pytest = [
    {file = "pytest-6.2.2-py3-none-any.whl", hash = "sha256:b574b57423e818210672e07ca1fa90aaf194a4f63f3ab909a2c67ebb22913839"},
    {file = "pytest-6.2.2.tar.gz", hash = "sha256:9d1edf9e7d0b84d72ea3dbcdfd22b35fb543a5e8f2a60092dd578936bf63d7f9"},
]
pytest-cov = [
    {file = "pytest-cov-2.11.1.tar.gz", hash = "sha256:359952d9d39b9f822d9d29324483e7ba04a3a17dd7d05aa6beb7ea01e359e5f7"},
    {file = "pytest_cov-2.11.1-py2.py3-none-any.whl", hash = "sha256:bdb9fdb0b85a7cc825269a4c56b48ccaa5c7e365054b6038772c32ddcdc969da"},
]
python-dateutil = [
    {file = "python-dateutil-2.8.1.tar.gz", hash = "sha256:73ebfe9dbf22e832286dafa60473e4cd239f8592f699aa5adaf10050e6e1823c"},
    {file = "python_dateutil-2.8.1-py2.py3-none-any.whl", hash = "sha256:75bb3f31ea686f1197762692a9ee6a7550b59fc6ca3a1f4b5d7e32fb98e2da2a"},
]
pytz = [
    {file = "pytz-2021.1-py2.py3-none-any.whl", hash = "sha256:eb10ce3e7736052ed3623d49975ce333bcd712c7bb19a58b9e2089d4057d0798"},
    {file = "pytz-2021.1.tar.gz", hash = "sha256:83a4a90894bf38e243cf052c8b58f381bfe9a7a483f6a9cab140bc7f702ac4da"},
]
scipy = [
    {file = "scipy-1.6.1-cp37-cp37m-macosx_10_9_x86_64.whl", hash = "sha256:a15a1f3fc0abff33e792d6049161b7795909b40b97c6cc2934ed54384017ab76"},
    {file = "scipy-1.6.1-cp37-cp37m-manylinux1_i686.whl", hash = "sha256:e79570979ccdc3d165456dd62041d9556fb9733b86b4b6d818af7a0afc15f092"},
    {file = "scipy-1.6.1-cp37-cp37m-manylinux1_x86_64.whl", hash = "sha256:a423533c55fec61456dedee7b6ee7dce0bb6bfa395424ea374d25afa262be261"},
    {file = "scipy-1.6.1-cp37-cp37m-manylinux2014_aarch64.whl", hash = "sha256:33d6b7df40d197bdd3049d64e8e680227151673465e5d85723b3b8f6b15a6ced"},
    {file = "scipy-1.6.1-cp37-cp37m-win32.whl", hash = "sha256:6725e3fbb47da428794f243864f2297462e9ee448297c93ed1dcbc44335feb78"},
    {file = "scipy-1.6.1-cp37-cp37m-win_amd64.whl", hash = "sha256:5fa9c6530b1661f1370bcd332a1e62ca7881785cc0f80c0d559b636567fab63c"},
    {file = "scipy-1.6.1-cp38-cp38-macosx_10_9_x86_64.whl", hash = "sha256:bd50daf727f7c195e26f27467c85ce653d41df4358a25b32434a50d8870fc519"},
    {file = "scipy-1.6.1-cp38-cp38-manylinux1_i686.whl", hash = "sha256:f46dd15335e8a320b0fb4685f58b7471702234cba8bb3442b69a3e1dc329c345"},
    {file = "scipy-1.6.1-cp38-cp38-manylinux1_x86_64.whl", hash = "sha256:0e5b0ccf63155d90da576edd2768b66fb276446c371b73841e3503be1d63fb5d"},
    {file = "scipy-1.6.1-cp38-cp38-manylinux2014_aarch64.whl", hash = "sha256:2481efbb3740977e3c831edfd0bd9867be26387cacf24eb5e366a6a374d3d00d"},
    {file = "scipy-1.6.1-cp38-cp38-win32.whl", hash = "sha256:68cb4c424112cd4be886b4d979c5497fba190714085f46b8ae67a5e4416c32b4"},
    {file = "scipy-1.6.1-cp38-cp38-win_amd64.whl", hash = "sha256:5f331eeed0297232d2e6eea51b54e8278ed8bb10b099f69c44e2558c090d06bf"},
    {file = "scipy-1.6.1-cp39-cp39-macosx_10_9_x86_64.whl", hash = "sha256:0c8a51d33556bf70367452d4d601d1742c0e806cd0194785914daf19775f0e67"},
    {file = "scipy-1.6.1-cp39-cp39-manylinux1_i686.whl", hash = "sha256:83bf7c16245c15bc58ee76c5418e46ea1811edcc2e2b03041b804e46084ab627"},
    {file = "scipy-1.6.1-cp39-cp39-manylinux1_x86_64.whl", hash = "sha256:794e768cc5f779736593046c9714e0f3a5940bc6dcc1dba885ad64cbfb28e9f0"},
    {file = "scipy-1.6.1-cp39-cp39-manylinux2014_aarch64.whl", hash = "sha256:5da5471aed911fe7e52b86bf9ea32fb55ae93e2f0fac66c32e58897cfb02fa07"},
    {file = "scipy-1.6.1-cp39-cp39-win32.whl", hash = "sha256:8e403a337749ed40af60e537cc4d4c03febddcc56cd26e774c9b1b600a70d3e4"},
    {file = "scipy-1.6.1-cp39-cp39-win_amd64.whl", hash = "sha256:a5193a098ae9f29af283dcf0041f762601faf2e595c0db1da929875b7570353f"},
    {file = "scipy-1.6.1.tar.gz", hash = "sha256:c4fceb864890b6168e79b0e714c585dbe2fd4222768ee90bc1aa0f8218691b11"},
]
six = [
    {file = "six-1.15.0-py2.py3-none-any.whl", hash = "sha256:8b74bedcbbbaca38ff6d7491d76f2b06b3592611af620f8426e82dddb04a5ced"},
    {file = "six-1.15.0.tar.gz", hash = "sha256:30639c035cdb23534cd4aa2dd52c3bf48f06e5f4a941509c8bafd8ce11080259"},
]
soundfile = [
    {file = "SoundFile-0.10.3.post1-py2.py3-none-any.whl", hash = "sha256:2d17e0a6fc2af0d6c1d868bafa5ec80aae6e186a97fec8db07ad6af29842fbc7"},
    {file = "SoundFile-0.10.3.post1-py2.py3.cp26.cp27.cp32.cp33.cp34.cp35.cp36.pp27.pp32.pp33-none-macosx_10_5_x86_64.macosx_10_6_intel.macosx_10_9_intel.macosx_10_9_x86_64.whl", hash = "sha256:5e342ee293b896d31da67617fe65d0bdca217af193991b0cb6052353b1e0e506"},
    {file = "SoundFile-0.10.3.post1-py2.py3.cp26.cp27.cp32.cp33.cp34.cp35.cp36.pp27.pp32.pp33-none-win32.whl", hash = "sha256:4555438c2c4f02b39fea2ed40f6ddeda88a80cd1ee9dd129be4d5f5134698cc2"},
    {file = "SoundFile-0.10.3.post1-py2.py3.cp26.cp27.cp32.cp33.cp34.cp35.cp36.pp27.pp32.pp33-none-win_amd64.whl", hash = "sha256:b361d4ac1519a2e516cabafa6bf7e93492f999f35d7d25350cd87fdc3e5cb27e"},
    {file = "SoundFile-0.10.3.post1.tar.gz", hash = "sha256:490cff42650733d1832728b937fe99fa1802896f5ef4d61bcf78cf7ebecb107b"},
]
toml = [
    {file = "toml-0.10.2-py2.py3-none-any.whl", hash = "sha256:806143ae5bfb6a3c6e736a764057db0e6a0e05e338b5630894a5f779cabb4f9b"},
    {file = "toml-0.10.2.tar.gz", hash = "sha256:b3bda1d108d5dd99f4a20d24d9c348e91c4db7ab1b749200bded2f839ccbe68f"},
]
typing-extensions = [
    {file = "typing_extensions-3.7.4.3-py2-none-any.whl", hash = "sha256:dafc7639cde7f1b6e1acc0f457842a83e722ccca8eef5270af2d74792619a89f"},
    {file = "typing_extensions-3.7.4.3-py3-none-any.whl", hash = "sha256:7cb407020f00f7bfc3cb3e7881628838e69d8f3fcab2f64742a5e76b2f841918"},
    {file = "typing_extensions-3.7.4.3.tar.gz", hash = "sha256:99d4073b617d30288f569d3f13d2bd7548c3a7e4c8de87db09a9d29bb3a4a60c"},
]
zipp = [
    {file = "zipp-3.4.0-py3-none-any.whl", hash = "sha256:102c24ef8f171fd729d46599845e95c7ab894a4cf45f5de11a44cc7444fb1108"},
    {file = "zipp-3.4.0.tar.gz", hash = "sha256:ed5eee1974372595f9e416cc7bbeeb12335201d8081ca8a0743c954d4446e5cb"},
]
